
Microsoft Visual Studio Solution File, Format Version 12.00
# Visual Studio Version 17
VisualStudioVersion = 17.11.35303.130
MinimumVisualStudioVersion = 10.0.40219.1
Project("{FAE04EC0-301F-11D3-BF4B-00C04F79EFBC}") = "SpendSmart", "SpendSmart\SpendSmart.csproj", "{7073053F-03C8-4D99-B6AE-E9CA22588C6A}"
EndProject
Global
	GlobalSection(SolutionConfigurationPlatforms) = preSolution
		Debug|Any CPU = Debug|Any CPU
		Release|Any CPU = Release|Any CPU
	EndGlobalSection
	GlobalSection(ProjectConfigurationPlatforms) = postSolution
		{7073053F-03C8-4D99-B6AE-E9CA22588C6A}.Debug|Any CPU.ActiveCfg = Debug|Any CPU
		{7073053F-03C8-4D99-B6AE-E9CA22588C6A}.Debug|Any CPU.Build.0 = Debug|Any CPU
		{7073053F-03C8-4D99-B6AE-E9CA22588C6A}.Release|Any CPU.ActiveCfg = Release|Any CPU
		{7073053F-03C8-4D99-B6AE-E9CA22588C6A}.Release|Any CPU.Build.0 = Release|Any CPU
	EndGlobalSection
	GlobalSection(SolutionProperties) = preSolution
		HideSolutionNode = FALSE
	EndGlobalSection
	GlobalSection(ExtensibilityGlobals) = postSolution
		SolutionGuid = {AA30E376-B357-435C-A315-F2395230373C}
	EndGlobalSection
EndGlobal
